
Microsoft Visual Studio Solution File, Format Version 12.00
# Visual Studio 15
VisualStudioVersion = 15.0.28307.572
MinimumVisualStudioVersion = 10.0.40219.1
Project("{FAE04EC0-301F-11D3-BF4B-00C04F79EFBC}") = "SondageProjet", "SondageProjet\SondageProjet.csproj", "{E355EC30-9005-4038-B71C-A9FAF251AAD9}"
EndProject
Project("{FAE04EC0-301F-11D3-BF4B-00C04F79EFBC}") = "SondageProjet.Tests", "SondageProjet.Tests\SondageProjet.Tests.csproj", "{450243FD-E15F-4606-AAC5-9D89E29AD552}"
EndProject
Global
	GlobalSection(SolutionConfigurationPlatforms) = preSolution
		Debug|Any CPU = Debug|Any CPU
		Release|Any CPU = Release|Any CPU
	EndGlobalSection
	GlobalSection(ProjectConfigurationPlatforms) = postSolution
		{E355EC30-9005-4038-B71C-A9FAF251AAD9}.Debug|Any CPU.ActiveCfg = Debug|Any CPU
		{E355EC30-9005-4038-B71C-A9FAF251AAD9}.Debug|Any CPU.Build.0 = Debug|Any CPU
		{E355EC30-9005-4038-B71C-A9FAF251AAD9}.Release|Any CPU.ActiveCfg = Release|Any CPU
		{E355EC30-9005-4038-B71C-A9FAF251AAD9}.Release|Any CPU.Build.0 = Release|Any CPU
		{450243FD-E15F-4606-AAC5-9D89E29AD552}.Debug|Any CPU.ActiveCfg = Debug|Any CPU
		{450243FD-E15F-4606-AAC5-9D89E29AD552}.Debug|Any CPU.Build.0 = Debug|Any CPU
		{450243FD-E15F-4606-AAC5-9D89E29AD552}.Release|Any CPU.ActiveCfg = Release|Any CPU
		{450243FD-E15F-4606-AAC5-9D89E29AD552}.Release|Any CPU.Build.0 = Release|Any CPU
	EndGlobalSection
	GlobalSection(SolutionProperties) = preSolution
		HideSolutionNode = FALSE
	EndGlobalSection
	GlobalSection(ExtensibilityGlobals) = postSolution
		SolutionGuid = {D573D45D-0ACD-4200-98EB-106318675A8F}
	EndGlobalSection
EndGlobal
